
Microsoft Visual Studio Solution File, Format Version 12.00
# Visual Studio Version 16
VisualStudioVersion = 16.0.32901.82
MinimumVisualStudioVersion = 10.0.40219.1
Project("{FAE04EC0-301F-11D3-BF4B-00C04F79EFBC}") = "TS13_JLDRL_1247723", "TS13_JLDRL_1247723\TS13_JLDRL_1247723.csproj", "{6FB5EAE1-B4A6-46F1-93FD-CBDE1BA36050}"
EndProject
Global
	GlobalSection(SolutionConfigurationPlatforms) = preSolution
		Debug|Any CPU = Debug|Any CPU
		Release|Any CPU = Release|Any CPU
	EndGlobalSection
	GlobalSection(ProjectConfigurationPlatforms) = postSolution
		{6FB5EAE1-B4A6-46F1-93FD-CBDE1BA36050}.Debug|Any CPU.ActiveCfg = Debug|Any CPU
		{6FB5EAE1-B4A6-46F1-93FD-CBDE1BA36050}.Debug|Any CPU.Build.0 = Debug|Any CPU
		{6FB5EAE1-B4A6-46F1-93FD-CBDE1BA36050}.Release|Any CPU.ActiveCfg = Release|Any CPU
		{6FB5EAE1-B4A6-46F1-93FD-CBDE1BA36050}.Release|Any CPU.Build.0 = Release|Any CPU
	EndGlobalSection
	GlobalSection(SolutionProperties) = preSolution
		HideSolutionNode = FALSE
	EndGlobalSection
	GlobalSection(ExtensibilityGlobals) = postSolution
		SolutionGuid = {127F1A34-567F-4B06-9CE3-11D8B8A078AB}
	EndGlobalSection
EndGlobal
